
Microsoft Visual Studio Solution File, Format Version 12.00
# Visual Studio Version 17
VisualStudioVersion = 17.6.33815.320
MinimumVisualStudioVersion = 10.0.40219.1
Project("{FAE04EC0-301F-11D3-BF4B-00C04F79EFBC}") = "Student Grading Application", "Student Grading Application.csproj", "{906903CF-E435-4F7A-87AE-891EE2E6D2FF}"
EndProject
Global
	GlobalSection(SolutionConfigurationPlatforms) = preSolution
		Debug|Any CPU = Debug|Any CPU
		Release|Any CPU = Release|Any CPU
	EndGlobalSection
	GlobalSection(ProjectConfigurationPlatforms) = postSolution
		{906903CF-E435-4F7A-87AE-891EE2E6D2FF}.Debug|Any CPU.ActiveCfg = Debug|Any CPU
		{906903CF-E435-4F7A-87AE-891EE2E6D2FF}.Debug|Any CPU.Build.0 = Debug|Any CPU
		{906903CF-E435-4F7A-87AE-891EE2E6D2FF}.Release|Any CPU.ActiveCfg = Release|Any CPU
		{906903CF-E435-4F7A-87AE-891EE2E6D2FF}.Release|Any CPU.Build.0 = Release|Any CPU
	EndGlobalSection
	GlobalSection(SolutionProperties) = preSolution
		HideSolutionNode = FALSE
	EndGlobalSection
	GlobalSection(ExtensibilityGlobals) = postSolution
		SolutionGuid = {E561B5C5-92AB-4961-8729-588BB944E1E5}
	EndGlobalSection
EndGlobal
